
Microsoft Visual Studio Solution File, Format Version 12.00
# Visual Studio Version 16
VisualStudioVersion = 16.0.31205.134
MinimumVisualStudioVersion = 10.0.40219.1
Project("{FAE04EC0-301F-11D3-BF4B-00C04F79EFBC}") = "fukuvHensu", "fukuvHensu\fukuvHensu.csproj", "{A910CFE0-5B94-4695-8D6D-EA3E43AE9FCD}"
EndProject
Global
	GlobalSection(SolutionConfigurationPlatforms) = preSolution
		Debug|Any CPU = Debug|Any CPU
		Release|Any CPU = Release|Any CPU
	EndGlobalSection
	GlobalSection(ProjectConfigurationPlatforms) = postSolution
		{A910CFE0-5B94-4695-8D6D-EA3E43AE9FCD}.Debug|Any CPU.ActiveCfg = Debug|Any CPU
		{A910CFE0-5B94-4695-8D6D-EA3E43AE9FCD}.Debug|Any CPU.Build.0 = Debug|Any CPU
		{A910CFE0-5B94-4695-8D6D-EA3E43AE9FCD}.Release|Any CPU.ActiveCfg = Release|Any CPU
		{A910CFE0-5B94-4695-8D6D-EA3E43AE9FCD}.Release|Any CPU.Build.0 = Release|Any CPU
	EndGlobalSection
	GlobalSection(SolutionProperties) = preSolution
		HideSolutionNode = FALSE
	EndGlobalSection
	GlobalSection(ExtensibilityGlobals) = postSolution
		SolutionGuid = {77CFA1D9-F611-4027-B550-2F39188907A8}
	EndGlobalSection
EndGlobal
